
Microsoft Visual Studio Solution File, Format Version 12.00
# Visual Studio Version 16
VisualStudioVersion = 16.0.31205.134
MinimumVisualStudioVersion = 10.0.40219.1
Project("{FAE04EC0-301F-11D3-BF4B-00C04F79EFBC}") = "PlayChess", "PlayChess\PlayChess.csproj", "{4DB3F71E-CDBD-42B9-8259-16F22FEFD165}"
EndProject
Project("{FAE04EC0-301F-11D3-BF4B-00C04F79EFBC}") = "PlayChess.Tests", "PlayChess.Tests\PlayChess.Tests.csproj", "{AFA3E9E1-E322-4FFB-94C3-85EA998A966F}"
EndProject
Global
	GlobalSection(SolutionConfigurationPlatforms) = preSolution
		Debug|Any CPU = Debug|Any CPU
		Release|Any CPU = Release|Any CPU
	EndGlobalSection
	GlobalSection(ProjectConfigurationPlatforms) = postSolution
		{4DB3F71E-CDBD-42B9-8259-16F22FEFD165}.Debug|Any CPU.ActiveCfg = Debug|Any CPU
		{4DB3F71E-CDBD-42B9-8259-16F22FEFD165}.Debug|Any CPU.Build.0 = Debug|Any CPU
		{4DB3F71E-CDBD-42B9-8259-16F22FEFD165}.Release|Any CPU.ActiveCfg = Release|Any CPU
		{4DB3F71E-CDBD-42B9-8259-16F22FEFD165}.Release|Any CPU.Build.0 = Release|Any CPU
		{AFA3E9E1-E322-4FFB-94C3-85EA998A966F}.Debug|Any CPU.ActiveCfg = Debug|Any CPU
		{AFA3E9E1-E322-4FFB-94C3-85EA998A966F}.Debug|Any CPU.Build.0 = Debug|Any CPU
		{AFA3E9E1-E322-4FFB-94C3-85EA998A966F}.Release|Any CPU.ActiveCfg = Release|Any CPU
		{AFA3E9E1-E322-4FFB-94C3-85EA998A966F}.Release|Any CPU.Build.0 = Release|Any CPU
	EndGlobalSection
	GlobalSection(SolutionProperties) = preSolution
		HideSolutionNode = FALSE
	EndGlobalSection
	GlobalSection(ExtensibilityGlobals) = postSolution
		SolutionGuid = {6E1C05D3-1837-4396-A6AC-FCB256CE8373}
	EndGlobalSection
EndGlobal
